{
  "name": "be-hive",
  "version": "0.1.18",
  "lockfileVersion": 2,
  "requires": true,
  "packages": {
    "": {
      "name": "be-hive",
      "version": "0.1.18",
      "license": "MIT",
      "dependencies": {
        "mount-observer": "0.1.53",
        "nested-regex-groups": "0.0.8"
      }
    },
    "node_modules/assign-gingerly": {
      "version": "0.0.87",
      "resolved": "https://registry.npmjs.org/assign-gingerly/-/assign-gingerly-0.0.87.tgz",
      "integrity": "sha512-ZjBxoo4lJk3kB40yoo370Erl4u6X4YizqrycAMX4k0WxiIytMA+ByF0AeR97uxKAXm3pABiI7nGffsOarJJmOw==",
      "license": "MIT"
    },
    "node_modules/mount-observer": {
      "version": "0.1.53",
      "resolved": "https://registry.npmjs.org/mount-observer/-/mount-observer-0.1.53.tgz",
      "integrity": "sha512-hb+M2faTC/M+uS/TbS3Hmoqgmm3YcmCjW185cejRXo/RoJfGy1PKAgQy93rtbKZZLpLM5u5aTl7Yibhvio7a3w==",
      "license": "MIT",
      "dependencies": {
        "assign-gingerly": "0.0.87"
      }
    },
    "node_modules/nested-regex-groups": {
      "version": "0.0.8",
      "resolved": "https://registry.npmjs.org/nested-regex-groups/-/nested-regex-groups-0.0.8.tgz",
      "integrity": "sha512-1t4vsdlxXWJNT8qlxhnvc+2LzT8TKS+H3kke5Bm9Bv1pQOA2nm/9I8g9cMGHRd/grF5GxWydWfIqc/4+D8qNvA==",
      "license": "MIT"
    }
  },
  "dependencies": {
    "assign-gingerly": {
      "version": "0.0.87",
      "resolved": "https://registry.npmjs.org/assign-gingerly/-/assign-gingerly-0.0.87.tgz",
      "integrity": "sha512-ZjBxoo4lJk3kB40yoo370Erl4u6X4YizqrycAMX4k0WxiIytMA+ByF0AeR97uxKAXm3pABiI7nGffsOarJJmOw=="
    },
    "mount-observer": {
      "version": "0.1.53",
      "resolved": "https://registry.npmjs.org/mount-observer/-/mount-observer-0.1.53.tgz",
      "integrity": "sha512-hb+M2faTC/M+uS/TbS3Hmoqgmm3YcmCjW185cejRXo/RoJfGy1PKAgQy93rtbKZZLpLM5u5aTl7Yibhvio7a3w==",
      "requires": {
        "assign-gingerly": "0.0.87"
      }
    },
    "nested-regex-groups": {
      "version": "0.0.8",
      "resolved": "https://registry.npmjs.org/nested-regex-groups/-/nested-regex-groups-0.0.8.tgz",
      "integrity": "sha512-1t4vsdlxXWJNT8qlxhnvc+2LzT8TKS+H3kke5Bm9Bv1pQOA2nm/9I8g9cMGHRd/grF5GxWydWfIqc/4+D8qNvA=="
    }
  }
}
