{
  "name": "be-hive",
  "version": "0.0.265",
  "lockfileVersion": 2,
  "requires": true,
  "packages": {
    "": {
      "name": "be-hive",
      "version": "0.0.265",
      "license": "MIT",
      "dependencies": {
        "be-enhanced": "0.0.187",
        "mount-observer": "0.0.102",
        "trans-render": "0.0.957"
      }
    },
    "node_modules/be-enhanced": {
      "version": "0.0.187",
      "resolved": "https://registry.npmjs.org/be-enhanced/-/be-enhanced-0.0.187.tgz",
      "integrity": "sha512-bwsLWugkSpSAXtNJQlW4pZA2MbmTVMH+0EadQad49DiGSsMoie7MsQqs3qnkgFCWAX5o0hbHsw4fs8+/H5zdHg==",
      "license": "MIT",
      "dependencies": {
        "trans-render": "0.0.957"
      }
    },
    "node_modules/mount-observer": {
      "version": "0.0.102",
      "resolved": "https://registry.npmjs.org/mount-observer/-/mount-observer-0.0.102.tgz",
      "integrity": "sha512-nq10psatsKhYwe5Ps8shSmMwMxlpQCMQbOVVtCPWLDOgwtFnUwFmey8N0XpGck3wC6M0Q8INlF/Wl2zFD0y0tg==",
      "license": "MIT"
    },
    "node_modules/trans-render": {
      "version": "0.0.957",
      "resolved": "https://registry.npmjs.org/trans-render/-/trans-render-0.0.957.tgz",
      "integrity": "sha512-FSUTXXyWjScV5lFz4csaj05GQi0YxqFY2uS5paOM6To22LO1VgGzr6N6o8GV1NB2CipIlR1dglfJM2V1Kjv63Q==",
      "license": "MIT",
      "dependencies": {
        "mount-observer": "0.0.102"
      }
    }
  },
  "dependencies": {
    "be-enhanced": {
      "version": "0.0.187",
      "resolved": "https://registry.npmjs.org/be-enhanced/-/be-enhanced-0.0.187.tgz",
      "integrity": "sha512-bwsLWugkSpSAXtNJQlW4pZA2MbmTVMH+0EadQad49DiGSsMoie7MsQqs3qnkgFCWAX5o0hbHsw4fs8+/H5zdHg==",
      "requires": {
        "trans-render": "0.0.957"
      }
    },
    "mount-observer": {
      "version": "0.0.102",
      "resolved": "https://registry.npmjs.org/mount-observer/-/mount-observer-0.0.102.tgz",
      "integrity": "sha512-nq10psatsKhYwe5Ps8shSmMwMxlpQCMQbOVVtCPWLDOgwtFnUwFmey8N0XpGck3wC6M0Q8INlF/Wl2zFD0y0tg=="
    },
    "trans-render": {
      "version": "0.0.957",
      "resolved": "https://registry.npmjs.org/trans-render/-/trans-render-0.0.957.tgz",
      "integrity": "sha512-FSUTXXyWjScV5lFz4csaj05GQi0YxqFY2uS5paOM6To22LO1VgGzr6N6o8GV1NB2CipIlR1dglfJM2V1Kjv63Q==",
      "requires": {
        "mount-observer": "0.0.102"
      }
    }
  }
}
