{
  "name": "be-hive",
  "version": "0.1.16",
  "lockfileVersion": 2,
  "requires": true,
  "packages": {
    "": {
      "name": "be-hive",
      "version": "0.1.16",
      "license": "MIT",
      "dependencies": {
        "mount-observer": "0.1.43",
        "nested-regex-groups": "0.0.8"
      }
    },
    "node_modules/assign-gingerly": {
      "version": "0.0.62",
      "resolved": "https://registry.npmjs.org/assign-gingerly/-/assign-gingerly-0.0.62.tgz",
      "integrity": "sha512-mX+bqEBi2KZr2WZGasF3OIUUngR/IEN+ay09Qk8n8KvXW2x0LTxSeqZEL6C7mb000mb9ViLOQq329tINyZOyig==",
      "license": "MIT"
    },
    "node_modules/id-generation": {
      "version": "0.0.5",
      "resolved": "https://registry.npmjs.org/id-generation/-/id-generation-0.0.5.tgz",
      "integrity": "sha512-o0iN5vSj0A8mKOHCvj63RyNXERrCMliaSHWLXvZnXLYZFQ9AMelQkFgP1HAd9eWCyXJiw1p6TPfIrPvY6Om2HQ==",
      "license": "MIT"
    },
    "node_modules/mount-observer": {
      "version": "0.1.43",
      "resolved": "https://registry.npmjs.org/mount-observer/-/mount-observer-0.1.43.tgz",
      "integrity": "sha512-wSmciqVGIbb2/HciAIP5Cm3aGd/zKeixKIVpFZdyUBaH0QWF+VMP5TEWtk8+Lc3RWztkAuBzzTMFbGn9/87KSQ==",
      "license": "MIT",
      "dependencies": {
        "assign-gingerly": "0.0.62",
        "id-generation": "0.0.5"
      }
    },
    "node_modules/nested-regex-groups": {
      "version": "0.0.8",
      "resolved": "https://registry.npmjs.org/nested-regex-groups/-/nested-regex-groups-0.0.8.tgz",
      "integrity": "sha512-1t4vsdlxXWJNT8qlxhnvc+2LzT8TKS+H3kke5Bm9Bv1pQOA2nm/9I8g9cMGHRd/grF5GxWydWfIqc/4+D8qNvA==",
      "license": "MIT"
    }
  },
  "dependencies": {
    "assign-gingerly": {
      "version": "0.0.62",
      "resolved": "https://registry.npmjs.org/assign-gingerly/-/assign-gingerly-0.0.62.tgz",
      "integrity": "sha512-mX+bqEBi2KZr2WZGasF3OIUUngR/IEN+ay09Qk8n8KvXW2x0LTxSeqZEL6C7mb000mb9ViLOQq329tINyZOyig=="
    },
    "id-generation": {
      "version": "0.0.5",
      "resolved": "https://registry.npmjs.org/id-generation/-/id-generation-0.0.5.tgz",
      "integrity": "sha512-o0iN5vSj0A8mKOHCvj63RyNXERrCMliaSHWLXvZnXLYZFQ9AMelQkFgP1HAd9eWCyXJiw1p6TPfIrPvY6Om2HQ=="
    },
    "mount-observer": {
      "version": "0.1.43",
      "resolved": "https://registry.npmjs.org/mount-observer/-/mount-observer-0.1.43.tgz",
      "integrity": "sha512-wSmciqVGIbb2/HciAIP5Cm3aGd/zKeixKIVpFZdyUBaH0QWF+VMP5TEWtk8+Lc3RWztkAuBzzTMFbGn9/87KSQ==",
      "requires": {
        "assign-gingerly": "0.0.62",
        "id-generation": "0.0.5"
      }
    },
    "nested-regex-groups": {
      "version": "0.0.8",
      "resolved": "https://registry.npmjs.org/nested-regex-groups/-/nested-regex-groups-0.0.8.tgz",
      "integrity": "sha512-1t4vsdlxXWJNT8qlxhnvc+2LzT8TKS+H3kke5Bm9Bv1pQOA2nm/9I8g9cMGHRd/grF5GxWydWfIqc/4+D8qNvA=="
    }
  }
}
